
Microsoft Visual Studio Solution File, Format Version 12.00
# Visual Studio 2013
VisualStudioVersion = 12.0.40629.0
MinimumVisualStudioVersion = 10.0.40219.1
Project("{8BC9CEB8-8B4A-11D0-8D11-00A0C91BC942}") = "Matchsticks_to_Square", "Matchsticks_to_Square\Matchsticks_to_Square.vcxproj", "{E10A8EEA-B34B-4728-90CC-CE20E8C7EC7E}"
EndProject
Global
	GlobalSection(SolutionConfigurationPlatforms) = preSolution
		Debug|Win32 = Debug|Win32
		Release|Win32 = Release|Win32
	EndGlobalSection
	GlobalSection(ProjectConfigurationPlatforms) = postSolution
		{E10A8EEA-B34B-4728-90CC-CE20E8C7EC7E}.Debug|Win32.ActiveCfg = Debug|Win32
		{E10A8EEA-B34B-4728-90CC-CE20E8C7EC7E}.Debug|Win32.Build.0 = Debug|Win32
		{E10A8EEA-B34B-4728-90CC-CE20E8C7EC7E}.Release|Win32.ActiveCfg = Release|Win32
		{E10A8EEA-B34B-4728-90CC-CE20E8C7EC7E}.Release|Win32.Build.0 = Release|Win32
	EndGlobalSection
	GlobalSection(SolutionProperties) = preSolution
		HideSolutionNode = FALSE
	EndGlobalSection
EndGlobal
