
Microsoft Visual Studio Solution File, Format Version 12.00
# Visual Studio 2013
VisualStudioVersion = 12.0.40629.0
MinimumVisualStudioVersion = 10.0.40219.1
Project("{8BC9CEB8-8B4A-11D0-8D11-00A0C91BC942}") = "Longest_Uncommon_Subsequence_II", "Longest_Uncommon_Subsequence_II\Longest_Uncommon_Subsequence_II.vcxproj", "{B9EEDE75-FE14-443B-B41E-583E1813CBFF}"
EndProject
Global
	GlobalSection(SolutionConfigurationPlatforms) = preSolution
		Debug|Win32 = Debug|Win32
		Release|Win32 = Release|Win32
	EndGlobalSection
	GlobalSection(ProjectConfigurationPlatforms) = postSolution
		{B9EEDE75-FE14-443B-B41E-583E1813CBFF}.Debug|Win32.ActiveCfg = Debug|Win32
		{B9EEDE75-FE14-443B-B41E-583E1813CBFF}.Debug|Win32.Build.0 = Debug|Win32
		{B9EEDE75-FE14-443B-B41E-583E1813CBFF}.Release|Win32.ActiveCfg = Release|Win32
		{B9EEDE75-FE14-443B-B41E-583E1813CBFF}.Release|Win32.Build.0 = Release|Win32
	EndGlobalSection
	GlobalSection(SolutionProperties) = preSolution
		HideSolutionNode = FALSE
	EndGlobalSection
EndGlobal
