
Microsoft Visual Studio Solution File, Format Version 12.00
# Visual Studio 2013
VisualStudioVersion = 12.0.40629.0
MinimumVisualStudioVersion = 10.0.40219.1
Project("{8BC9CEB8-8B4A-11D0-8D11-00A0C91BC942}") = "Find_All_Numbers_Disappeared_in_an_Array", "Find_All_Numbers_Disappeared_in_an_Array\Find_All_Numbers_Disappeared_in_an_Array.vcxproj", "{82631F9A-8BE0-4957-A2F1-CB4C95C39CE1}"
EndProject
Global
	GlobalSection(SolutionConfigurationPlatforms) = preSolution
		Debug|Win32 = Debug|Win32
		Release|Win32 = Release|Win32
	EndGlobalSection
	GlobalSection(ProjectConfigurationPlatforms) = postSolution
		{82631F9A-8BE0-4957-A2F1-CB4C95C39CE1}.Debug|Win32.ActiveCfg = Debug|Win32
		{82631F9A-8BE0-4957-A2F1-CB4C95C39CE1}.Debug|Win32.Build.0 = Debug|Win32
		{82631F9A-8BE0-4957-A2F1-CB4C95C39CE1}.Release|Win32.ActiveCfg = Release|Win32
		{82631F9A-8BE0-4957-A2F1-CB4C95C39CE1}.Release|Win32.Build.0 = Release|Win32
	EndGlobalSection
	GlobalSection(SolutionProperties) = preSolution
		HideSolutionNode = FALSE
	EndGlobalSection
EndGlobal
